
Microsoft Visual Studio Solution File, Format Version 12.00
# Visual Studio Version 17
VisualStudioVersion = 17.6.33801.468
MinimumVisualStudioVersion = 10.0.40219.1
Project("{9A19103F-16F7-4668-BE54-9A1E7A4F7556}") = "Kotor.NET", "Kotor.NET\Kotor.NET.csproj", "{B6AE5212-B5E3-45FD-BA25-E6DC00CBE79D}"
EndProject
Project("{2150E333-8FDC-42A3-9474-1A3956D46DE8}") = "Source", "Source", "{5A80EBC7-36DC-4E56-A52B-3C3547E0F912}"
EndProject
Project("{2150E333-8FDC-42A3-9474-1A3956D46DE8}") = "Tests", "Tests", "{04B783EF-93EC-4A15-ADD4-0BF8C60EDA75}"
EndProject
Project("{9A19103F-16F7-4668-BE54-9A1E7A4F7556}") = "Kotor.NET.Tests", "Kotor.NET.Tests\Kotor.NET.Tests.csproj", "{2FC92864-5298-4B55-90D7-A35C2D51345A}"
EndProject
Project("{2150E333-8FDC-42A3-9474-1A3956D46DE8}") = "Tools", "Tools", "{739D01ED-DE35-4946-8809-424A58B8D01C}"
EndProject
Project("{9A19103F-16F7-4668-BE54-9A1E7A4F7556}") = "Kotor.DevelopmentKit.Editor2DA", "Kotor.DevelopmentKit.Editor2DA\Kotor.DevelopmentKit.Editor2DA.csproj", "{D7FCF73A-9DC7-4224-AC64-BDD5CF40D5AA}"
EndProject
Project("{9A19103F-16F7-4668-BE54-9A1E7A4F7556}") = "Kotor.DevelopmentKit.Base", "Kotor.DevelopmentKit.Base\Kotor.DevelopmentKit.Base.csproj", "{707B30C5-C7EB-460A-8F9F-B4794AF9D8A9}"
EndProject
Global
	GlobalSection(SolutionConfigurationPlatforms) = preSolution
		Debug|Any CPU = Debug|Any CPU
		Release|Any CPU = Release|Any CPU
	EndGlobalSection
	GlobalSection(ProjectConfigurationPlatforms) = postSolution
		{B6AE5212-B5E3-45FD-BA25-E6DC00CBE79D}.Debug|Any CPU.ActiveCfg = Debug|Any CPU
		{B6AE5212-B5E3-45FD-BA25-E6DC00CBE79D}.Debug|Any CPU.Build.0 = Debug|Any CPU
		{B6AE5212-B5E3-45FD-BA25-E6DC00CBE79D}.Release|Any CPU.ActiveCfg = Release|Any CPU
		{B6AE5212-B5E3-45FD-BA25-E6DC00CBE79D}.Release|Any CPU.Build.0 = Release|Any CPU
		{2FC92864-5298-4B55-90D7-A35C2D51345A}.Debug|Any CPU.ActiveCfg = Debug|Any CPU
		{2FC92864-5298-4B55-90D7-A35C2D51345A}.Debug|Any CPU.Build.0 = Debug|Any CPU
		{2FC92864-5298-4B55-90D7-A35C2D51345A}.Release|Any CPU.ActiveCfg = Release|Any CPU
		{2FC92864-5298-4B55-90D7-A35C2D51345A}.Release|Any CPU.Build.0 = Release|Any CPU
		{D7FCF73A-9DC7-4224-AC64-BDD5CF40D5AA}.Debug|Any CPU.ActiveCfg = Debug|Any CPU
		{D7FCF73A-9DC7-4224-AC64-BDD5CF40D5AA}.Debug|Any CPU.Build.0 = Debug|Any CPU
		{D7FCF73A-9DC7-4224-AC64-BDD5CF40D5AA}.Release|Any CPU.ActiveCfg = Release|Any CPU
		{D7FCF73A-9DC7-4224-AC64-BDD5CF40D5AA}.Release|Any CPU.Build.0 = Release|Any CPU
		{707B30C5-C7EB-460A-8F9F-B4794AF9D8A9}.Debug|Any CPU.ActiveCfg = Debug|Any CPU
		{707B30C5-C7EB-460A-8F9F-B4794AF9D8A9}.Debug|Any CPU.Build.0 = Debug|Any CPU
		{707B30C5-C7EB-460A-8F9F-B4794AF9D8A9}.Release|Any CPU.ActiveCfg = Release|Any CPU
		{707B30C5-C7EB-460A-8F9F-B4794AF9D8A9}.Release|Any CPU.Build.0 = Release|Any CPU
	EndGlobalSection
	GlobalSection(SolutionProperties) = preSolution
		HideSolutionNode = FALSE
	EndGlobalSection
	GlobalSection(NestedProjects) = preSolution
		{B6AE5212-B5E3-45FD-BA25-E6DC00CBE79D} = {5A80EBC7-36DC-4E56-A52B-3C3547E0F912}
		{2FC92864-5298-4B55-90D7-A35C2D51345A} = {04B783EF-93EC-4A15-ADD4-0BF8C60EDA75}
		{739D01ED-DE35-4946-8809-424A58B8D01C} = {5A80EBC7-36DC-4E56-A52B-3C3547E0F912}
		{D7FCF73A-9DC7-4224-AC64-BDD5CF40D5AA} = {739D01ED-DE35-4946-8809-424A58B8D01C}
		{707B30C5-C7EB-460A-8F9F-B4794AF9D8A9} = {739D01ED-DE35-4946-8809-424A58B8D01C}
	EndGlobalSection
	GlobalSection(ExtensibilityGlobals) = postSolution
		SolutionGuid = {C3B4FE44-EA0E-476F-8106-438E6CC691A7}
	EndGlobalSection
EndGlobal
